id: m2k_analog_out_converter
label: M2K Analog Out Converter
flags: [ python ]

parameters:
  -   id: uri
      label: URI
      dtype: string
      default: 'ip:192.168.2.1'

inputs:
  -   domain: stream
      dtype: float
      multiplicity: 1

outputs:
  -   domain: stream
      dtype: short
      multiplicity: 1

templates:
  imports: import m2k
  make: m2k.analog_out_converter(${uri})

documentation: |-
  This block converts raw DAC samples into voltage

file_format: 1
